
Microsoft Visual Studio Solution File, Format Version 12.00
# Visual Studio Version 17
VisualStudioVersion = 17.9.34728.123
MinimumVisualStudioVersion = 10.0.40219.1
Project("{9A19103F-16F7-4668-BE54-9A1E7A4F7556}") = "WebProjektRazor", "WebProjektRazor.csproj", "{91E6AA23-A0A2-482B-BADE-252D8B36C00C}"
EndProject
Global
	GlobalSection(SolutionConfigurationPlatforms) = preSolution
		Debug|Any CPU = Debug|Any CPU
		Release|Any CPU = Release|Any CPU
	EndGlobalSection
	GlobalSection(ProjectConfigurationPlatforms) = postSolution
		{91E6AA23-A0A2-482B-BADE-252D8B36C00C}.Debug|Any CPU.ActiveCfg = Debug|Any CPU
		{91E6AA23-A0A2-482B-BADE-252D8B36C00C}.Debug|Any CPU.Build.0 = Debug|Any CPU
		{91E6AA23-A0A2-482B-BADE-252D8B36C00C}.Release|Any CPU.ActiveCfg = Release|Any CPU
		{91E6AA23-A0A2-482B-BADE-252D8B36C00C}.Release|Any CPU.Build.0 = Release|Any CPU
	EndGlobalSection
	GlobalSection(SolutionProperties) = preSolution
		HideSolutionNode = FALSE
	EndGlobalSection
	GlobalSection(ExtensibilityGlobals) = postSolution
		SolutionGuid = {BEC7EAA5-4615-458A-8C9F-18BE82FF42D1}
	EndGlobalSection
EndGlobal
